
Microsoft Visual Studio Solution File, Format Version 12.00
# Visual Studio 15
VisualStudioVersion = 15.0.27428.2037
MinimumVisualStudioVersion = 10.0.40219.1
Project("{FAE04EC0-301F-11D3-BF4B-00C04F79EFBC}") = "ConsoleApp77", "ConsoleApp77\ConsoleApp77.csproj", "{F669D388-8EFA-4C3D-ADF0-76B16F1DD7CE}"
EndProject
Global
	GlobalSection(SolutionConfigurationPlatforms) = preSolution
		Debug|Any CPU = Debug|Any CPU
		Release|Any CPU = Release|Any CPU
	EndGlobalSection
	GlobalSection(ProjectConfigurationPlatforms) = postSolution
		{F669D388-8EFA-4C3D-ADF0-76B16F1DD7CE}.Debug|Any CPU.ActiveCfg = Debug|Any CPU
		{F669D388-8EFA-4C3D-ADF0-76B16F1DD7CE}.Debug|Any CPU.Build.0 = Debug|Any CPU
		{F669D388-8EFA-4C3D-ADF0-76B16F1DD7CE}.Release|Any CPU.ActiveCfg = Release|Any CPU
		{F669D388-8EFA-4C3D-ADF0-76B16F1DD7CE}.Release|Any CPU.Build.0 = Release|Any CPU
	EndGlobalSection
	GlobalSection(SolutionProperties) = preSolution
		HideSolutionNode = FALSE
	EndGlobalSection
	GlobalSection(ExtensibilityGlobals) = postSolution
		SolutionGuid = {A5582711-197D-4838-8DB3-CF32EBF9C3CA}
	EndGlobalSection
EndGlobal
